
Microsoft Visual Studio Solution File, Format Version 12.00
# Visual Studio Version 17
VisualStudioVersion = 17.3.32901.215
MinimumVisualStudioVersion = 10.0.40219.1
Project("{9A19103F-16F7-4668-BE54-9A1E7A4F7556}") = "Stage0", "Stage0\Stage0.csproj", "{C81F3422-C889-469F-B06C-22533E0CEF39}"
EndProject
Project("{9A19103F-16F7-4668-BE54-9A1E7A4F7556}") = "DalFacade", "DalFacade\DalFacade.csproj", "{30DA7404-EB5E-4612-BA47-D1B8D6F9FAAF}"
EndProject
Project("{9A19103F-16F7-4668-BE54-9A1E7A4F7556}") = "DalList", "DalList\DalList.csproj", "{33CC220D-094A-404F-B826-B9A89048EB40}"
EndProject
Project("{9A19103F-16F7-4668-BE54-9A1E7A4F7556}") = "DalTest", "DalTest\DalTest.csproj", "{D715B7B9-D151-4BBF-B297-BC42413A9528}"
EndProject
Project("{2150E333-8FDC-42A3-9474-1A3956D46DE8}") = "Solution Items", "Solution Items", "{A09ABC29-42CE-4C01-8787-42A8BF3277A7}"
	ProjectSection(SolutionItems) = preProject
		README.md = README.md
	EndProjectSection
EndProject
Project("{9A19103F-16F7-4668-BE54-9A1E7A4F7556}") = "BL", "BL\BL.csproj", "{29E47F3E-92EA-484B-8F3E-A748516CA58D}"
EndProject
Project("{9A19103F-16F7-4668-BE54-9A1E7A4F7556}") = "BlTest", "BlTest\BlTest.csproj", "{488BCEFC-0BC9-443D-A674-C0A4C17C6401}"
EndProject
Project("{FAE04EC0-301F-11D3-BF4B-00C04F79EFBC}") = "PL", "PL\PL.csproj", "{358EC28B-BDEC-42CA-B1FF-07CF4A6D51BC}"
EndProject
Global
	GlobalSection(SolutionConfigurationPlatforms) = preSolution
		Debug|Any CPU = Debug|Any CPU
		Release|Any CPU = Release|Any CPU
	EndGlobalSection
	GlobalSection(ProjectConfigurationPlatforms) = postSolution
		{C81F3422-C889-469F-B06C-22533E0CEF39}.Debug|Any CPU.ActiveCfg = Debug|Any CPU
		{C81F3422-C889-469F-B06C-22533E0CEF39}.Debug|Any CPU.Build.0 = Debug|Any CPU
		{C81F3422-C889-469F-B06C-22533E0CEF39}.Release|Any CPU.ActiveCfg = Release|Any CPU
		{C81F3422-C889-469F-B06C-22533E0CEF39}.Release|Any CPU.Build.0 = Release|Any CPU
		{30DA7404-EB5E-4612-BA47-D1B8D6F9FAAF}.Debug|Any CPU.ActiveCfg = Debug|Any CPU
		{30DA7404-EB5E-4612-BA47-D1B8D6F9FAAF}.Debug|Any CPU.Build.0 = Debug|Any CPU
		{30DA7404-EB5E-4612-BA47-D1B8D6F9FAAF}.Release|Any CPU.ActiveCfg = Release|Any CPU
		{30DA7404-EB5E-4612-BA47-D1B8D6F9FAAF}.Release|Any CPU.Build.0 = Release|Any CPU
		{33CC220D-094A-404F-B826-B9A89048EB40}.Debug|Any CPU.ActiveCfg = Debug|Any CPU
		{33CC220D-094A-404F-B826-B9A89048EB40}.Debug|Any CPU.Build.0 = Debug|Any CPU
		{33CC220D-094A-404F-B826-B9A89048EB40}.Release|Any CPU.ActiveCfg = Release|Any CPU
		{33CC220D-094A-404F-B826-B9A89048EB40}.Release|Any CPU.Build.0 = Release|Any CPU
		{D715B7B9-D151-4BBF-B297-BC42413A9528}.Debug|Any CPU.ActiveCfg = Debug|Any CPU
		{D715B7B9-D151-4BBF-B297-BC42413A9528}.Debug|Any CPU.Build.0 = Debug|Any CPU
		{D715B7B9-D151-4BBF-B297-BC42413A9528}.Release|Any CPU.ActiveCfg = Release|Any CPU
		{D715B7B9-D151-4BBF-B297-BC42413A9528}.Release|Any CPU.Build.0 = Release|Any CPU
		{29E47F3E-92EA-484B-8F3E-A748516CA58D}.Debug|Any CPU.ActiveCfg = Debug|Any CPU
		{29E47F3E-92EA-484B-8F3E-A748516CA58D}.Debug|Any CPU.Build.0 = Debug|Any CPU
		{29E47F3E-92EA-484B-8F3E-A748516CA58D}.Release|Any CPU.ActiveCfg = Release|Any CPU
		{29E47F3E-92EA-484B-8F3E-A748516CA58D}.Release|Any CPU.Build.0 = Release|Any CPU
		{488BCEFC-0BC9-443D-A674-C0A4C17C6401}.Debug|Any CPU.ActiveCfg = Debug|Any CPU
		{488BCEFC-0BC9-443D-A674-C0A4C17C6401}.Debug|Any CPU.Build.0 = Debug|Any CPU
		{488BCEFC-0BC9-443D-A674-C0A4C17C6401}.Release|Any CPU.ActiveCfg = Release|Any CPU
		{488BCEFC-0BC9-443D-A674-C0A4C17C6401}.Release|Any CPU.Build.0 = Release|Any CPU
		{358EC28B-BDEC-42CA-B1FF-07CF4A6D51BC}.Debug|Any CPU.ActiveCfg = Debug|Any CPU
		{358EC28B-BDEC-42CA-B1FF-07CF4A6D51BC}.Debug|Any CPU.Build.0 = Debug|Any CPU
		{358EC28B-BDEC-42CA-B1FF-07CF4A6D51BC}.Release|Any CPU.ActiveCfg = Release|Any CPU
		{358EC28B-BDEC-42CA-B1FF-07CF4A6D51BC}.Release|Any CPU.Build.0 = Release|Any CPU
	EndGlobalSection
	GlobalSection(SolutionProperties) = preSolution
		HideSolutionNode = FALSE
	EndGlobalSection
	GlobalSection(ExtensibilityGlobals) = postSolution
		SolutionGuid = {2F638A43-8E1A-4837-A9D6-93E3692C6BAF}
	EndGlobalSection
EndGlobal
